
Microsoft Visual Studio Solution File, Format Version 12.00
# Visual Studio Version 17
VisualStudioVersion = 17.7.34031.279
MinimumVisualStudioVersion = 10.0.40219.1
Project("{FAE04EC0-301F-11D3-BF4B-00C04F79EFBC}") = "SendMail", "SendMail\SendMail.csproj", "{2B4798B6-0C8E-4C86-AD6A-311471790BF2}"
EndProject
Global
	GlobalSection(SolutionConfigurationPlatforms) = preSolution
		Debug|Any CPU = Debug|Any CPU
		Release|Any CPU = Release|Any CPU
	EndGlobalSection
	GlobalSection(ProjectConfigurationPlatforms) = postSolution
		{2B4798B6-0C8E-4C86-AD6A-311471790BF2}.Debug|Any CPU.ActiveCfg = Debug|Any CPU
		{2B4798B6-0C8E-4C86-AD6A-311471790BF2}.Debug|Any CPU.Build.0 = Debug|Any CPU
		{2B4798B6-0C8E-4C86-AD6A-311471790BF2}.Release|Any CPU.ActiveCfg = Release|Any CPU
		{2B4798B6-0C8E-4C86-AD6A-311471790BF2}.Release|Any CPU.Build.0 = Release|Any CPU
	EndGlobalSection
	GlobalSection(SolutionProperties) = preSolution
		HideSolutionNode = FALSE
	EndGlobalSection
	GlobalSection(ExtensibilityGlobals) = postSolution
		SolutionGuid = {300C3855-329F-43F9-8B90-39C292099009}
	EndGlobalSection
EndGlobal
